
Microsoft Visual Studio Solution File, Format Version 12.00
# Visual Studio Version 17
VisualStudioVersion = 17.14.36414.22
MinimumVisualStudioVersion = 10.0.40219.1
Project("{FAE04EC0-301F-11D3-BF4B-00C04F79EFBC}") = "Adapter_Basic", "Adapter\Adapter_Basic.csproj", "{4B336A79-A4E5-49E9-A34B-F2F2BFA195F8}"
EndProject
Project("{FAE04EC0-301F-11D3-BF4B-00C04F79EFBC}") = "Composite", "Composite\Composite.csproj", "{B5EF28FF-05BB-4A6E-9E3C-B4BA16B5DC9B}"
EndProject
Project("{FAE04EC0-301F-11D3-BF4B-00C04F79EFBC}") = "Adapter_Client", "Adapter_Client\Adapter_Client.csproj", "{17BE3949-90BC-441F-9B7D-9D2DC909CB10}"
EndProject
Project("{FAE04EC0-301F-11D3-BF4B-00C04F79EFBC}") = "Decorator_Basic", "Decorator_Basic\Decorator_Basic.csproj", "{B9C58F85-71FA-45B2-AC2D-C93A76953A93}"
EndProject
Project("{FAE04EC0-301F-11D3-BF4B-00C04F79EFBC}") = "Decorator_Basic_Pract", "Decorator_Basic_Pract\Decorator_Basic_Pract.csproj", "{2FAA8AC7-B8E4-4A7E-9EF3-310FE2F9504D}"
EndProject
Project("{FAE04EC0-301F-11D3-BF4B-00C04F79EFBC}") = "Decorator_Pract_2", "Decorator_Pract_2\Decorator_Pract_2.csproj", "{E99EB191-2C5B-4B83-AB71-828D7C4E1B86}"
EndProject
Project("{FAE04EC0-301F-11D3-BF4B-00C04F79EFBC}") = "DecoratorPract3", "DecoratorPract3\DecoratorPract3.csproj", "{18191005-419A-45F4-A3B1-C8BD4383649E}"
EndProject
Global
	GlobalSection(SolutionConfigurationPlatforms) = preSolution
		Debug|Any CPU = Debug|Any CPU
		Release|Any CPU = Release|Any CPU
	EndGlobalSection
	GlobalSection(ProjectConfigurationPlatforms) = postSolution
		{4B336A79-A4E5-49E9-A34B-F2F2BFA195F8}.Debug|Any CPU.ActiveCfg = Debug|Any CPU
		{4B336A79-A4E5-49E9-A34B-F2F2BFA195F8}.Debug|Any CPU.Build.0 = Debug|Any CPU
		{4B336A79-A4E5-49E9-A34B-F2F2BFA195F8}.Release|Any CPU.ActiveCfg = Release|Any CPU
		{4B336A79-A4E5-49E9-A34B-F2F2BFA195F8}.Release|Any CPU.Build.0 = Release|Any CPU
		{B5EF28FF-05BB-4A6E-9E3C-B4BA16B5DC9B}.Debug|Any CPU.ActiveCfg = Debug|Any CPU
		{B5EF28FF-05BB-4A6E-9E3C-B4BA16B5DC9B}.Debug|Any CPU.Build.0 = Debug|Any CPU
		{B5EF28FF-05BB-4A6E-9E3C-B4BA16B5DC9B}.Release|Any CPU.ActiveCfg = Release|Any CPU
		{B5EF28FF-05BB-4A6E-9E3C-B4BA16B5DC9B}.Release|Any CPU.Build.0 = Release|Any CPU
		{17BE3949-90BC-441F-9B7D-9D2DC909CB10}.Debug|Any CPU.ActiveCfg = Debug|Any CPU
		{17BE3949-90BC-441F-9B7D-9D2DC909CB10}.Debug|Any CPU.Build.0 = Debug|Any CPU
		{17BE3949-90BC-441F-9B7D-9D2DC909CB10}.Release|Any CPU.ActiveCfg = Release|Any CPU
		{17BE3949-90BC-441F-9B7D-9D2DC909CB10}.Release|Any CPU.Build.0 = Release|Any CPU
		{B9C58F85-71FA-45B2-AC2D-C93A76953A93}.Debug|Any CPU.ActiveCfg = Debug|Any CPU
		{B9C58F85-71FA-45B2-AC2D-C93A76953A93}.Debug|Any CPU.Build.0 = Debug|Any CPU
		{B9C58F85-71FA-45B2-AC2D-C93A76953A93}.Release|Any CPU.ActiveCfg = Release|Any CPU
		{B9C58F85-71FA-45B2-AC2D-C93A76953A93}.Release|Any CPU.Build.0 = Release|Any CPU
		{2FAA8AC7-B8E4-4A7E-9EF3-310FE2F9504D}.Debug|Any CPU.ActiveCfg = Debug|Any CPU
		{2FAA8AC7-B8E4-4A7E-9EF3-310FE2F9504D}.Debug|Any CPU.Build.0 = Debug|Any CPU
		{2FAA8AC7-B8E4-4A7E-9EF3-310FE2F9504D}.Release|Any CPU.ActiveCfg = Release|Any CPU
		{2FAA8AC7-B8E4-4A7E-9EF3-310FE2F9504D}.Release|Any CPU.Build.0 = Release|Any CPU
		{E99EB191-2C5B-4B83-AB71-828D7C4E1B86}.Debug|Any CPU.ActiveCfg = Debug|Any CPU
		{E99EB191-2C5B-4B83-AB71-828D7C4E1B86}.Debug|Any CPU.Build.0 = Debug|Any CPU
		{E99EB191-2C5B-4B83-AB71-828D7C4E1B86}.Release|Any CPU.ActiveCfg = Release|Any CPU
		{E99EB191-2C5B-4B83-AB71-828D7C4E1B86}.Release|Any CPU.Build.0 = Release|Any CPU
		{18191005-419A-45F4-A3B1-C8BD4383649E}.Debug|Any CPU.ActiveCfg = Debug|Any CPU
		{18191005-419A-45F4-A3B1-C8BD4383649E}.Debug|Any CPU.Build.0 = Debug|Any CPU
		{18191005-419A-45F4-A3B1-C8BD4383649E}.Release|Any CPU.ActiveCfg = Release|Any CPU
		{18191005-419A-45F4-A3B1-C8BD4383649E}.Release|Any CPU.Build.0 = Release|Any CPU
	EndGlobalSection
	GlobalSection(SolutionProperties) = preSolution
		HideSolutionNode = FALSE
	EndGlobalSection
	GlobalSection(ExtensibilityGlobals) = postSolution
		SolutionGuid = {0550CB11-BF6A-4C14-8F6F-7F34A4AE6276}
	EndGlobalSection
EndGlobal
